<?xml version="1.0" encoding="utf-8"?>
<Project ToolsVersion="4.0" xmlns="http://schemas.microsoft.com/developer/msbuild/2003">
  <ItemGroup>
    <Filter Include="Common">
      <UniqueIdentifier>be9b933c-5ba4-4b75-8a03-402244ddb78b</UniqueIdentifier>
    </Filter>
    <Filter Include="Assets">
      <UniqueIdentifier>558da2db-1cd8-4033-9858-2a5e9328268c</UniqueIdentifier>
      <Extensions>ico;cur;bmp;dds;dlg;fbx;rct;bin;rgs;gif;jpg;jpeg;jpe;resx;tga;tiff;tif;png;wav;mfcribbon-ms</Extensions>
    </Filter>
    <Filter Include="Rendering">
      <UniqueIdentifier>{40238b9b-2d65-45a3-9dff-1217399e25f8}</UniqueIdentifier>
    </Filter>
    <Filter Include="Imgui">
      <UniqueIdentifier>{87f4acdb-8786-4ef7-8e4a-3eef1607d089}</UniqueIdentifier>
    </Filter>
  </ItemGroup>
  <ItemGroup>
    <ClInclude Include="pch.h" />
    <ClInclude Include="Game.h" />
    <ClInclude Include="StepTimer.h">
      <Filter>Common</Filter>
    </ClInclude>
    <ClInclude Include="DeviceResources.h">
      <Filter>Common</Filter>
    </ClInclude>
    <ClInclude Include="ReadData.h" />
    <ClInclude Include="Camera.h">
      <Filter>Rendering</Filter>
    </ClInclude>
    <ClInclude Include="Shader.h">
      <Filter>Rendering</Filter>
    </ClInclude>
    <ClInclude Include="modelclass.h">
      <Filter>Rendering</Filter>
    </ClInclude>
    <ClInclude Include="Light.h">
      <Filter>Rendering</Filter>
    </ClInclude>
    <ClInclude Include="Input.h" />
    <ClInclude Include="RenderTexture.h">
      <Filter>Rendering</Filter>
    </ClInclude>
    <ClInclude Include="Terrain.h">
      <Filter>Rendering</Filter>
    </ClInclude>
    <ClInclude Include="imconfig.h">
      <Filter>Imgui</Filter>
    </ClInclude>
    <ClInclude Include="imgui.h">
      <Filter>Imgui</Filter>
    </ClInclude>
    <ClInclude Include="imgui_internal.h">
      <Filter>Imgui</Filter>
    </ClInclude>
    <ClInclude Include="imstb_rectpack.h">
      <Filter>Imgui</Filter>
    </ClInclude>
    <ClInclude Include="imstb_textedit.h">
      <Filter>Imgui</Filter>
    </ClInclude>
    <ClInclude Include="imstb_truetype.h">
      <Filter>Imgui</Filter>
    </ClInclude>
    <ClInclude Include="imgui_impl_dx11.h">
      <Filter>Imgui</Filter>
    </ClInclude>
    <ClInclude Include="imgui_impl_win32.h">
      <Filter>Imgui</Filter>
    </ClInclude>
  </ItemGroup>
  <ItemGroup>
    <ClCompile Include="pch.cpp" />
    <ClCompile Include="Game.cpp" />
    <ClCompile Include="Main.cpp" />
    <ClCompile Include="DeviceResources.cpp">
      <Filter>Common</Filter>
    </ClCompile>
    <ClCompile Include="Camera.cpp">
      <Filter>Rendering</Filter>
    </ClCompile>
    <ClCompile Include="Shader.cpp">
      <Filter>Rendering</Filter>
    </ClCompile>
    <ClCompile Include="modelclass.cpp">
      <Filter>Rendering</Filter>
    </ClCompile>
    <ClCompile Include="Light.cpp">
      <Filter>Rendering</Filter>
    </ClCompile>
    <ClCompile Include="Input.cpp" />
    <ClCompile Include="RenderTexture.cpp">
      <Filter>Rendering</Filter>
    </ClCompile>
    <ClCompile Include="Terrain.cpp">
      <Filter>Rendering</Filter>
    </ClCompile>
    <ClCompile Include="imgui.cpp">
      <Filter>Imgui</Filter>
    </ClCompile>
    <ClCompile Include="imgui_demo.cpp">
      <Filter>Imgui</Filter>
    </ClCompile>
    <ClCompile Include="imgui_draw.cpp">
      <Filter>Imgui</Filter>
    </ClCompile>
    <ClCompile Include="imgui_widgets.cpp">
      <Filter>Imgui</Filter>
    </ClCompile>
    <ClCompile Include="imgui_impl_dx11.cpp">
      <Filter>Imgui</Filter>
    </ClCompile>
    <ClCompile Include="imgui_impl_win32.cpp">
      <Filter>Imgui</Filter>
    </ClCompile>
  </ItemGroup>
  <ItemGroup>
    <ResourceCompile Include="resource.rc" />
  </ItemGroup>
  <ItemGroup>
    <Manifest Include="settings.manifest">
      <Filter>Assets</Filter>
    </Manifest>
  </ItemGroup>
  <ItemGroup>
    <None Include="SegoeUI_18.spritefont">
      <Filter>Assets</Filter>
    </None>
    <None Include="packages.config" />
  </ItemGroup>
  <ItemGroup>
    <Image Include="directx.ico">
      <Filter>Assets</Filter>
    </Image>
  </ItemGroup>
  <ItemGroup>
    <FxCompile Include="colour_ps.hlsl">
      <Filter>Assets</Filter>
    </FxCompile>
    <FxCompile Include="colour_vs.hlsl">
      <Filter>Assets</Filter>
    </FxCompile>
    <FxCompile Include="light_ps.hlsl">
      <Filter>Assets</Filter>
    </FxCompile>
    <FxCompile Include="light_vs.hlsl">
      <Filter>Assets</Filter>
    </FxCompile>
  </ItemGroup>
</Project>