
Microsoft Visual Studio Solution File, Format Version 12.00
# Visual Studio Version 16
VisualStudioVersion = 16.0.31402.337
MinimumVisualStudioVersion = 10.0.40219.1
Project("{8BC9CEB8-8B4A-11D0-8D11-00A0C91BC942}") = "FiniteStateMachine", "FiniteStateMachine\FiniteStateMachine.vcxproj", "{B5219371-58C2-4E0D-9B26-FE6C5B6FB54C}"
EndProject
Global
	GlobalSection(SolutionConfigurationPlatforms) = preSolution
		Debug|x64 = Debug|x64
		Debug|x86 = Debug|x86
		Release|x64 = Release|x64
		Release|x86 = Release|x86
	EndGlobalSection
	GlobalSection(ProjectConfigurationPlatforms) = postSolution
		{B5219371-58C2-4E0D-9B26-FE6C5B6FB54C}.Debug|x64.ActiveCfg = Debug|x64
		{B5219371-58C2-4E0D-9B26-FE6C5B6FB54C}.Debug|x64.Build.0 = Debug|x64
		{B5219371-58C2-4E0D-9B26-FE6C5B6FB54C}.Debug|x86.ActiveCfg = Debug|Win32
		{B5219371-58C2-4E0D-9B26-FE6C5B6FB54C}.Debug|x86.Build.0 = Debug|Win32
		{B5219371-58C2-4E0D-9B26-FE6C5B6FB54C}.Release|x64.ActiveCfg = Release|x64
		{B5219371-58C2-4E0D-9B26-FE6C5B6FB54C}.Release|x64.Build.0 = Release|x64
		{B5219371-58C2-4E0D-9B26-FE6C5B6FB54C}.Release|x86.ActiveCfg = Release|Win32
		{B5219371-58C2-4E0D-9B26-FE6C5B6FB54C}.Release|x86.Build.0 = Release|Win32
	EndGlobalSection
	GlobalSection(SolutionProperties) = preSolution
		HideSolutionNode = FALSE
	EndGlobalSection
	GlobalSection(ExtensibilityGlobals) = postSolution
		SolutionGuid = {97942D7B-CDBC-482B-9E95-0505F6642DBD}
	EndGlobalSection
EndGlobal
